
Microsoft Visual Studio Solution File, Format Version 12.00
# Visual Studio 15
VisualStudioVersion = 15.0.26124.0
MinimumVisualStudioVersion = 15.0.26124.0
Project("{FAE04EC0-301F-11D3-BF4B-00C04F79EFBC}") = "Application", "Api.Application\Application.csproj", "{430FAE20-5CAA-421F-966C-86527F4AEA84}"
EndProject
Project("{FAE04EC0-301F-11D3-BF4B-00C04F79EFBC}") = "Domain", "Api.Domain\Domain.csproj", "{797A9461-2C24-4C40-8DBE-CC3A54D46F72}"
EndProject
Project("{FAE04EC0-301F-11D3-BF4B-00C04F79EFBC}") = "CrossCutting", "Api.CrossCutting\CrossCutting.csproj", "{08CBEB5F-431E-4220-A3C4-EF62FFE0F00A}"
EndProject
Project("{FAE04EC0-301F-11D3-BF4B-00C04F79EFBC}") = "Data", "Api.Data\Data.csproj", "{63D334C6-9C13-4242-ADFF-A9943AEE722B}"
EndProject
Project("{FAE04EC0-301F-11D3-BF4B-00C04F79EFBC}") = "Service", "Api.Service\Service.csproj", "{089C8BCB-2FC2-4174-91ED-A7E3D9B50D6D}"
EndProject
Global
	GlobalSection(SolutionConfigurationPlatforms) = preSolution
		Debug|Any CPU = Debug|Any CPU
		Debug|x64 = Debug|x64
		Debug|x86 = Debug|x86
		Release|Any CPU = Release|Any CPU
		Release|x64 = Release|x64
		Release|x86 = Release|x86
	EndGlobalSection
	GlobalSection(SolutionProperties) = preSolution
		HideSolutionNode = FALSE
	EndGlobalSection
	GlobalSection(ProjectConfigurationPlatforms) = postSolution
		{430FAE20-5CAA-421F-966C-86527F4AEA84}.Debug|Any CPU.ActiveCfg = Debug|Any CPU
		{430FAE20-5CAA-421F-966C-86527F4AEA84}.Debug|Any CPU.Build.0 = Debug|Any CPU
		{430FAE20-5CAA-421F-966C-86527F4AEA84}.Debug|x64.ActiveCfg = Debug|Any CPU
		{430FAE20-5CAA-421F-966C-86527F4AEA84}.Debug|x64.Build.0 = Debug|Any CPU
		{430FAE20-5CAA-421F-966C-86527F4AEA84}.Debug|x86.ActiveCfg = Debug|Any CPU
		{430FAE20-5CAA-421F-966C-86527F4AEA84}.Debug|x86.Build.0 = Debug|Any CPU
		{430FAE20-5CAA-421F-966C-86527F4AEA84}.Release|Any CPU.ActiveCfg = Release|Any CPU
		{430FAE20-5CAA-421F-966C-86527F4AEA84}.Release|Any CPU.Build.0 = Release|Any CPU
		{430FAE20-5CAA-421F-966C-86527F4AEA84}.Release|x64.ActiveCfg = Release|Any CPU
		{430FAE20-5CAA-421F-966C-86527F4AEA84}.Release|x64.Build.0 = Release|Any CPU
		{430FAE20-5CAA-421F-966C-86527F4AEA84}.Release|x86.ActiveCfg = Release|Any CPU
		{430FAE20-5CAA-421F-966C-86527F4AEA84}.Release|x86.Build.0 = Release|Any CPU
		{797A9461-2C24-4C40-8DBE-CC3A54D46F72}.Debug|Any CPU.ActiveCfg = Debug|Any CPU
		{797A9461-2C24-4C40-8DBE-CC3A54D46F72}.Debug|Any CPU.Build.0 = Debug|Any CPU
		{797A9461-2C24-4C40-8DBE-CC3A54D46F72}.Debug|x64.ActiveCfg = Debug|Any CPU
		{797A9461-2C24-4C40-8DBE-CC3A54D46F72}.Debug|x64.Build.0 = Debug|Any CPU
		{797A9461-2C24-4C40-8DBE-CC3A54D46F72}.Debug|x86.ActiveCfg = Debug|Any CPU
		{797A9461-2C24-4C40-8DBE-CC3A54D46F72}.Debug|x86.Build.0 = Debug|Any CPU
		{797A9461-2C24-4C40-8DBE-CC3A54D46F72}.Release|Any CPU.ActiveCfg = Release|Any CPU
		{797A9461-2C24-4C40-8DBE-CC3A54D46F72}.Release|Any CPU.Build.0 = Release|Any CPU
		{797A9461-2C24-4C40-8DBE-CC3A54D46F72}.Release|x64.ActiveCfg = Release|Any CPU
		{797A9461-2C24-4C40-8DBE-CC3A54D46F72}.Release|x64.Build.0 = Release|Any CPU
		{797A9461-2C24-4C40-8DBE-CC3A54D46F72}.Release|x86.ActiveCfg = Release|Any CPU
		{797A9461-2C24-4C40-8DBE-CC3A54D46F72}.Release|x86.Build.0 = Release|Any CPU
		{08CBEB5F-431E-4220-A3C4-EF62FFE0F00A}.Debug|Any CPU.ActiveCfg = Debug|Any CPU
		{08CBEB5F-431E-4220-A3C4-EF62FFE0F00A}.Debug|Any CPU.Build.0 = Debug|Any CPU
		{08CBEB5F-431E-4220-A3C4-EF62FFE0F00A}.Debug|x64.ActiveCfg = Debug|Any CPU
		{08CBEB5F-431E-4220-A3C4-EF62FFE0F00A}.Debug|x64.Build.0 = Debug|Any CPU
		{08CBEB5F-431E-4220-A3C4-EF62FFE0F00A}.Debug|x86.ActiveCfg = Debug|Any CPU
		{08CBEB5F-431E-4220-A3C4-EF62FFE0F00A}.Debug|x86.Build.0 = Debug|Any CPU
		{08CBEB5F-431E-4220-A3C4-EF62FFE0F00A}.Release|Any CPU.ActiveCfg = Release|Any CPU
		{08CBEB5F-431E-4220-A3C4-EF62FFE0F00A}.Release|Any CPU.Build.0 = Release|Any CPU
		{08CBEB5F-431E-4220-A3C4-EF62FFE0F00A}.Release|x64.ActiveCfg = Release|Any CPU
		{08CBEB5F-431E-4220-A3C4-EF62FFE0F00A}.Release|x64.Build.0 = Release|Any CPU
		{08CBEB5F-431E-4220-A3C4-EF62FFE0F00A}.Release|x86.ActiveCfg = Release|Any CPU
		{08CBEB5F-431E-4220-A3C4-EF62FFE0F00A}.Release|x86.Build.0 = Release|Any CPU
		{63D334C6-9C13-4242-ADFF-A9943AEE722B}.Debug|Any CPU.ActiveCfg = Debug|Any CPU
		{63D334C6-9C13-4242-ADFF-A9943AEE722B}.Debug|Any CPU.Build.0 = Debug|Any CPU
		{63D334C6-9C13-4242-ADFF-A9943AEE722B}.Debug|x64.ActiveCfg = Debug|Any CPU
		{63D334C6-9C13-4242-ADFF-A9943AEE722B}.Debug|x64.Build.0 = Debug|Any CPU
		{63D334C6-9C13-4242-ADFF-A9943AEE722B}.Debug|x86.ActiveCfg = Debug|Any CPU
		{63D334C6-9C13-4242-ADFF-A9943AEE722B}.Debug|x86.Build.0 = Debug|Any CPU
		{63D334C6-9C13-4242-ADFF-A9943AEE722B}.Release|Any CPU.ActiveCfg = Release|Any CPU
		{63D334C6-9C13-4242-ADFF-A9943AEE722B}.Release|Any CPU.Build.0 = Release|Any CPU
		{63D334C6-9C13-4242-ADFF-A9943AEE722B}.Release|x64.ActiveCfg = Release|Any CPU
		{63D334C6-9C13-4242-ADFF-A9943AEE722B}.Release|x64.Build.0 = Release|Any CPU
		{63D334C6-9C13-4242-ADFF-A9943AEE722B}.Release|x86.ActiveCfg = Release|Any CPU
		{63D334C6-9C13-4242-ADFF-A9943AEE722B}.Release|x86.Build.0 = Release|Any CPU
		{089C8BCB-2FC2-4174-91ED-A7E3D9B50D6D}.Debug|Any CPU.ActiveCfg = Debug|Any CPU
		{089C8BCB-2FC2-4174-91ED-A7E3D9B50D6D}.Debug|Any CPU.Build.0 = Debug|Any CPU
		{089C8BCB-2FC2-4174-91ED-A7E3D9B50D6D}.Debug|x64.ActiveCfg = Debug|Any CPU
		{089C8BCB-2FC2-4174-91ED-A7E3D9B50D6D}.Debug|x64.Build.0 = Debug|Any CPU
		{089C8BCB-2FC2-4174-91ED-A7E3D9B50D6D}.Debug|x86.ActiveCfg = Debug|Any CPU
		{089C8BCB-2FC2-4174-91ED-A7E3D9B50D6D}.Debug|x86.Build.0 = Debug|Any CPU
		{089C8BCB-2FC2-4174-91ED-A7E3D9B50D6D}.Release|Any CPU.ActiveCfg = Release|Any CPU
		{089C8BCB-2FC2-4174-91ED-A7E3D9B50D6D}.Release|Any CPU.Build.0 = Release|Any CPU
		{089C8BCB-2FC2-4174-91ED-A7E3D9B50D6D}.Release|x64.ActiveCfg = Release|Any CPU
		{089C8BCB-2FC2-4174-91ED-A7E3D9B50D6D}.Release|x64.Build.0 = Release|Any CPU
		{089C8BCB-2FC2-4174-91ED-A7E3D9B50D6D}.Release|x86.ActiveCfg = Release|Any CPU
		{089C8BCB-2FC2-4174-91ED-A7E3D9B50D6D}.Release|x86.Build.0 = Release|Any CPU
	EndGlobalSection
EndGlobal
